// !$*UTF8*$!
{
	archiveVersion = 1;
	classes = {
	};
	objectVersion = 77;
	objects = {

/* Begin PBXBuildFile section */
		C696E66E2E048BB20010904A /* FirebaseAnalytics in Frameworks */ = {isa = PBXBuildFile; productRef = C696E66D2E048BB20010904A /* FirebaseAnalytics */; };
		C696E6702E048BB20010904A /* FirebaseStorage in Frameworks */ = {isa = PBXBuildFile; productRef = C696E66F2E048BB20010904A /* FirebaseStorage */; };
		C696E6722E048BB20010904A /* FirebaseVertexAI in Frameworks */ = {isa = PBXBuildFile; productRef = C696E6712E048BB20010904A /* FirebaseVertexAI */; };
		C696E6E12E0523550010904A /* Kingfisher in Frameworks */ = {isa = PBXBuildFile; productRef = C696E6E02E0523550010904A /* Kingfisher */; };
		C6F927602DBC6E0C00B450EF /* FirebaseAuth in Frameworks */ = {isa = PBXBuildFile; productRef = C6F9275F2DBC6E0C00B450EF /* FirebaseAuth */; };
		C6F927622DBC6E0C00B450EF /* FirebaseFirestore in Frameworks */ = {isa = PBXBuildFile; productRef = C6F927612DBC6E0C00B450EF /* FirebaseFirestore */; };
/* End PBXBuildFile section */

/* Begin PBXContainerItemProxy section */
		C6F927402DBC6C3600B450EF /* PBXContainerItemProxy */ = {
			isa = PBXContainerItemProxy;
			containerPortal = C6F9272A2DBC6C3400B450EF /* Project object */;
			proxyType = 1;
			remoteGlobalIDString = C6F927312DBC6C3400B450EF;
			remoteInfo = AhorrApp;
		};
		C6F9274A2DBC6C3600B450EF /* PBXContainerItemProxy */ = {
			isa = PBXContainerItemProxy;
			containerPortal = C6F9272A2DBC6C3400B450EF /* Project object */;
			proxyType = 1;
			remoteGlobalIDString = C6F927312DBC6C3400B450EF;
			remoteInfo = AhorrApp;
		};
/* End PBXContainerItemProxy section */

/* Begin PBXFileReference section */
		C6F927322DBC6C3400B450EF /* AhorrApp.app */ = {isa = PBXFileReference; explicitFileType = wrapper.application; includeInIndex = 0; path = AhorrApp.app; sourceTree = BUILT_PRODUCTS_DIR; };
		C6F9273F2DBC6C3600B450EF /* AhorrAppTests.xctest */ = {isa = PBXFileReference; explicitFileType = wrapper.cfbundle; includeInIndex = 0; path = AhorrAppTests.xctest; sourceTree = BUILT_PRODUCTS_DIR; };
		C6F927492DBC6C3600B450EF /* AhorrAppUITests.xctest */ = {isa = PBXFileReference; explicitFileType = wrapper.cfbundle; includeInIndex = 0; path = AhorrAppUITests.xctest; sourceTree = BUILT_PRODUCTS_DIR; };
/* End PBXFileReference section */

/* Begin PBXFileSystemSynchronizedRootGroup section */
		C6F927342DBC6C3400B450EF /* AhorrApp */ = {
			isa = PBXFileSystemSynchronizedRootGroup;
			path = AhorrApp;
			sourceTree = "<group>";
		};
		C6F927422DBC6C3600B450EF /* AhorrAppTests */ = {
			isa = PBXFileSystemSynchronizedRootGroup;
			path = AhorrAppTests;
			sourceTree = "<group>";
		};
		C6F9274C2DBC6C3600B450EF /* AhorrAppUITests */ = {
			isa = PBXFileSystemSynchronizedRootGroup;
			path = AhorrAppUITests;
			sourceTree = "<group>";
		};
/* End PBXFileSystemSynchronizedRootGroup section */

/* Begin PBXFrameworksBuildPhase section */
		C6F9272F2DBC6C3400B450EF /* Frameworks */ = {
			isa = PBXFrameworksBuildPhase;
			buildActionMask = 2147483647;
			files = (
				C696E6E12E0523550010904A /* Kingfisher in Frameworks */,
				C6F927602DBC6E0C00B450EF /* FirebaseAuth in Frameworks */,
				C696E6702E048BB20010904A /* FirebaseStorage in Frameworks */,
				C696E6722E048BB20010904A /* FirebaseVertexAI in Frameworks */,
				C6F927622DBC6E0C00B450EF /* FirebaseFirestore in Frameworks */,
				C696E66E2E048BB20010904A /* FirebaseAnalytics in Frameworks */,
			);
			runOnlyForDeploymentPostprocessing = 0;
		};
		C6F9273C2DBC6C3600B450EF /* Frameworks */ = {
			isa = PBXFrameworksBuildPhase;
			buildActionMask = 2147483647;
			files = (
			);
			runOnlyForDeploymentPostprocessing = 0;
		};
		C6F927462DBC6C3600B450EF /* Frameworks */ = {
			isa = PBXFrameworksBuildPhase;
			buildActionMask = 2147483647;
			files = (
			);
			runOnlyForDeploymentPostprocessing = 0;
		};
/* End PBXFrameworksBuildPhase section */

/* Begin PBXGroup section */
		C6F927292DBC6C3400B450EF = {
			isa = PBXGroup;
			children = (
				C6F927342DBC6C3400B450EF /* AhorrApp */,
				C6F927422DBC6C3600B450EF /* AhorrAppTests */,
				C6F9274C2DBC6C3600B450EF /* AhorrAppUITests */,
				C6F927332DBC6C3400B450EF /* Products */,
			);
			sourceTree = "<group>";
		};
		C6F927332DBC6C3400B450EF /* Products */ = {
			isa = PBXGroup;
			children = (
				C6F927322DBC6C3400B450EF /* AhorrApp.app */,
				C6F9273F2DBC6C3600B450EF /* AhorrAppTests.xctest */,
				C6F927492DBC6C3600B450EF /* AhorrAppUITests.xctest */,
			);
			name = Products;
			sourceTree = "<group>";
		};
/* End PBXGroup section */

/* Begin PBXNativeTarget section */
		C6F927312DBC6C3400B450EF /* AhorrApp */ = {
			isa = PBXNativeTarget;
			buildConfigurationList = C6F927532DBC6C3600B450EF /* Build configuration list for PBXNativeTarget "AhorrApp" */;
			buildPhases = (
				C6F9272E2DBC6C3400B450EF /* Sources */,
				C6F9272F2DBC6C3400B450EF /* Frameworks */,
				C6F927302DBC6C3400B450EF /* Resources */,
			);
			buildRules = (
			);
			dependencies = (
			);
			fileSystemSynchronizedGroups = (
				C6F927342DBC6C3400B450EF /* AhorrApp */,
			);
			name = AhorrApp;
			packageProductDependencies = (
				C6F9275F2DBC6E0C00B450EF /* FirebaseAuth */,
				C6F927612DBC6E0C00B450EF /* FirebaseFirestore */,
				C696E66D2E048BB20010904A /* FirebaseAnalytics */,
				C696E66F2E048BB20010904A /* FirebaseStorage */,
				C696E6712E048BB20010904A /* FirebaseVertexAI */,
				C696E6E02E0523550010904A /* Kingfisher */,
			);
			productName = AhorrApp;
			productReference = C6F927322DBC6C3400B450EF /* AhorrApp.app */;
			productType = "com.apple.product-type.application";
		};
		C6F9273E2DBC6C3600B450EF /* AhorrAppTests */ = {
			isa = PBXNativeTarget;
			buildConfigurationList = C6F927562DBC6C3600B450EF /* Build configuration list for PBXNativeTarget "AhorrAppTests" */;
			buildPhases = (
				C6F9273B2DBC6C3600B450EF /* Sources */,
				C6F9273C2DBC6C3600B450EF /* Frameworks */,
				C6F9273D2DBC6C3600B450EF /* Resources */,
			);
			buildRules = (
			);
			dependencies = (
				C6F927412DBC6C3600B450EF /* PBXTargetDependency */,
			);
			fileSystemSynchronizedGroups = (
				C6F927422DBC6C3600B450EF /* AhorrAppTests */,
			);
			name = AhorrAppTests;
			packageProductDependencies = (
			);
			productName = AhorrAppTests;
			productReference = C6F9273F2DBC6C3600B450EF /* AhorrAppTests.xctest */;
			productType = "com.apple.product-type.bundle.unit-test";
		};
		C6F927482DBC6C3600B450EF /* AhorrAppUITests */ = {
			isa = PBXNativeTarget;
			buildConfigurationList = C6F927592DBC6C3600B450EF /* Build configuration list for PBXNativeTarget "AhorrAppUITests" */;
			buildPhases = (
				C6F927452DBC6C3600B450EF /* Sources */,
				C6F927462DBC6C3600B450EF /* Frameworks */,
				C6F927472DBC6C3600B450EF /* Resources */,
			);
			buildRules = (
			);
			dependencies = (
				C6F9274B2DBC6C3600B450EF /* PBXTargetDependency */,
			);
			fileSystemSynchronizedGroups = (
				C6F9274C2DBC6C3600B450EF /* AhorrAppUITests */,
			);
			name = AhorrAppUITests;
			packageProductDependencies = (
			);
			productName = AhorrAppUITests;
			productReference = C6F927492DBC6C3600B450EF /* AhorrAppUITests.xctest */;
			productType = "com.apple.product-type.bundle.ui-testing";
		};
/* End PBXNativeTarget section */

/* Begin PBXProject section */
		C6F9272A2DBC6C3400B450EF /* Project object */ = {
			isa = PBXProject;
			attributes = {
				BuildIndependentTargetsInParallel = 1;
				LastSwiftUpdateCheck = 1630;
				LastUpgradeCheck = 1630;
				TargetAttributes = {
					C6F927312DBC6C3400B450EF = {
						CreatedOnToolsVersion = 16.3;
					};
					C6F9273E2DBC6C3600B450EF = {
						CreatedOnToolsVersion = 16.3;
						TestTargetID = C6F927312DBC6C3400B450EF;
					};
					C6F927482DBC6C3600B450EF = {
						CreatedOnToolsVersion = 16.3;
						TestTargetID = C6F927312DBC6C3400B450EF;
					};
				};
			};
			buildConfigurationList = C6F9272D2DBC6C3400B450EF /* Build configuration list for PBXProject "AhorrApp" */;
			developmentRegion = en;
			hasScannedForEncodings = 0;
			knownRegions = (
				en,
				Base,
			);
			mainGroup = C6F927292DBC6C3400B450EF;
			minimizedProjectReferenceProxies = 1;
			packageReferences = (
				C6F9275E2DBC6E0C00B450EF /* XCRemoteSwiftPackageReference "firebase-ios-sdk" */,
				C6E1DA722DBD321B00CE726E /* XCRemoteSwiftPackageReference "SwiftLint" */,
				C696E6DF2E0523550010904A /* XCRemoteSwiftPackageReference "Kingfisher" */,
			);
			preferredProjectObjectVersion = 77;
			productRefGroup = C6F927332DBC6C3400B450EF /* Products */;
			projectDirPath = "";
			projectRoot = "";
			targets = (
				C6F927312DBC6C3400B450EF /* AhorrApp */,
				C6F9273E2DBC6C3600B450EF /* AhorrAppTests */,
				C6F927482DBC6C3600B450EF /* AhorrAppUITests */,
			);
		};
/* End PBXProject section */

/* Begin PBXResourcesBuildPhase section */
		C6F927302DBC6C3400B450EF /* Resources */ = {
			isa = PBXResourcesBuildPhase;
			buildActionMask = 2147483647;
			files = (
			);
			runOnlyForDeploymentPostprocessing = 0;
		};
		C6F9273D2DBC6C3600B450EF /* Resources */ = {
			isa = PBXResourcesBuildPhase;
			buildActionMask = 2147483647;
			files = (
			);
			runOnlyForDeploymentPostprocessing = 0;
		};
		C6F927472DBC6C3600B450EF /* Resources */ = {
			isa = PBXResourcesBuildPhase;
			buildActionMask = 2147483647;
			files = (
			);
			runOnlyForDeploymentPostprocessing = 0;
		};
/* End PBXResourcesBuildPhase section */

/* Begin PBXSourcesBuildPhase section */
		C6F9272E2DBC6C3400B450EF /* Sources */ = {
			isa = PBXSourcesBuildPhase;
			buildActionMask = 2147483647;
			files = (
			);
			runOnlyForDeploymentPostprocessing = 0;
		};
		C6F9273B2DBC6C3600B450EF /* Sources */ = {
			isa = PBXSourcesBuildPhase;
			buildActionMask = 2147483647;
			files = (
			);
			runOnlyForDeploymentPostprocessing = 0;
		};
		C6F927452DBC6C3600B450EF /* Sources */ = {
			isa = PBXSourcesBuildPhase;
			buildActionMask = 2147483647;
			files = (
			);
			runOnlyForDeploymentPostprocessing = 0;
		};
/* End PBXSourcesBuildPhase section */

/* Begin PBXTargetDependency section */
		C6F927412DBC6C3600B450EF /* PBXTargetDependency */ = {
			isa = PBXTargetDependency;
			target = C6F927312DBC6C3400B450EF /* AhorrApp */;
			targetProxy = C6F927402DBC6C3600B450EF /* PBXContainerItemProxy */;
		};
		C6F9274B2DBC6C3600B450EF /* PBXTargetDependency */ = {
			isa = PBXTargetDependency;
			target = C6F927312DBC6C3400B450EF /* AhorrApp */;
			targetProxy = C6F9274A2DBC6C3600B450EF /* PBXContainerItemProxy */;
		};
/* End PBXTargetDependency section */

/* Begin XCBuildConfiguration section */
		C6F927512DBC6C3600B450EF /* Debug */ = {
			isa = XCBuildConfiguration;
			buildSettings = {
				ALWAYS_SEARCH_USER_PATHS = NO;
				ASSETCATALOG_COMPILER_GENERATE_SWIFT_ASSET_SYMBOL_EXTENSIONS = YES;
				CLANG_ANALYZER_NONNULL = YES;
				CLANG_ANALYZER_NUMBER_OBJECT_CONVERSION = YES_AGGRESSIVE;
				CLANG_CXX_LANGUAGE_STANDARD = "gnu++20";
				CLANG_ENABLE_MODULES = YES;
				CLANG_ENABLE_OBJC_ARC = YES;
				CLANG_ENABLE_OBJC_WEAK = YES;
				CLANG_WARN_BLOCK_CAPTURE_AUTORELEASING = YES;
				CLANG_WARN_BOOL_CONVERSION = YES;
				CLANG_WARN_COMMA = YES;
				CLANG_WARN_CONSTANT_CONVERSION = YES;
				CLANG_WARN_DEPRECATED_OBJC_IMPLEMENTATIONS = YES;
				CLANG_WARN_DIRECT_OBJC_ISA_USAGE = YES_ERROR;
				CLANG_WARN_DOCUMENTATION_COMMENTS = YES;
				CLANG_WARN_EMPTY_BODY = YES;
				CLANG_WARN_ENUM_CONVERSION = YES;
				CLANG_WARN_INFINITE_RECURSION = YES;
				CLANG_WARN_INT_CONVERSION = YES;
				CLANG_WARN_NON_LITERAL_NULL_CONVERSION = YES;
				CLANG_WARN_OBJC_IMPLICIT_RETAIN_SELF = YES;
				CLANG_WARN_OBJC_LITERAL_CONVERSION = YES;
				CLANG_WARN_OBJC_ROOT_CLASS = YES_ERROR;
				CLANG_WARN_QUOTED_INCLUDE_IN_FRAMEWORK_HEADER = YES;
				CLANG_WARN_RANGE_LOOP_ANALYSIS = YES;
				CLANG_WARN_STRICT_PROTOTYPES = YES;
				CLANG_WARN_SUSPICIOUS_MOVE = YES;
				CLANG_WARN_UNGUARDED_AVAILABILITY = YES_AGGRESSIVE;
				CLANG_WARN_UNREACHABLE_CODE = YES;
				CLANG_WARN__DUPLICATE_METHOD_MATCH = YES;
				COPY_PHASE_STRIP = NO;
				DEBUG_INFORMATION_FORMAT = dwarf;
				DEVELOPMENT_TEAM = BA49DC6B48;
				ENABLE_STRICT_OBJC_MSGSEND = YES;
				ENABLE_TESTABILITY = YES;
				ENABLE_USER_SCRIPT_SANDBOXING = YES;
				GCC_C_LANGUAGE_STANDARD = gnu17;
				GCC_DYNAMIC_NO_PIC = NO;
				GCC_NO_COMMON_BLOCKS = YES;
				GCC_OPTIMIZATION_LEVEL = 0;
				GCC_PREPROCESSOR_DEFINITIONS = (
					"DEBUG=1",
					"$(inherited)",
				);
				GCC_WARN_64_TO_32_BIT_CONVERSION = YES;
				GCC_WARN_ABOUT_RETURN_TYPE = YES_ERROR;
				GCC_WARN_UNDECLARED_SELECTOR = YES;
				GCC_WARN_UNINITIALIZED_AUTOS = YES_AGGRESSIVE;
				GCC_WARN_UNUSED_FUNCTION = YES;
				GCC_WARN_UNUSED_VARIABLE = YES;
				IPHONEOS_DEPLOYMENT_TARGET = 18.4;
				LOCALIZATION_PREFERS_STRING_CATALOGS = YES;
				MTL_ENABLE_DEBUG_INFO = INCLUDE_SOURCE;
				MTL_FAST_MATH = YES;
				ONLY_ACTIVE_ARCH = YES;
				SDKROOT = iphoneos;
				SWIFT_ACTIVE_COMPILATION_CONDITIONS = "DEBUG $(inherited)";
				SWIFT_OPTIMIZATION_LEVEL = "-Onone";
			};
			name = Debug;
		};
		C6F927522DBC6C3600B450EF /* Release */ = {
			isa = XCBuildConfiguration;
			buildSettings = {
				ALWAYS_SEARCH_USER_PATHS = NO;
				ASSETCATALOG_COMPILER_GENERATE_SWIFT_ASSET_SYMBOL_EXTENSIONS = YES;
				CLANG_ANALYZER_NONNULL = YES;
				CLANG_ANALYZER_NUMBER_OBJECT_CONVERSION = YES_AGGRESSIVE;
				CLANG_CXX_LANGUAGE_STANDARD = "gnu++20";
				CLANG_ENABLE_MODULES = YES;
				CLANG_ENABLE_OBJC_ARC = YES;
				CLANG_ENABLE_OBJC_WEAK = YES;
				CLANG_WARN_BLOCK_CAPTURE_AUTORELEASING = YES;
				CLANG_WARN_BOOL_CONVERSION = YES;
				CLANG_WARN_COMMA = YES;
				CLANG_WARN_CONSTANT_CONVERSION = YES;
				CLANG_WARN_DEPRECATED_OBJC_IMPLEMENTATIONS = YES;
				CLANG_WARN_DIRECT_OBJC_ISA_USAGE = YES_ERROR;
				CLANG_WARN_DOCUMENTATION_COMMENTS = YES;
				CLANG_WARN_EMPTY_BODY = YES;
				CLANG_WARN_ENUM_CONVERSION = YES;
				CLANG_WARN_INFINITE_RECURSION = YES;
				CLANG_WARN_INT_CONVERSION = YES;
				CLANG_WARN_NON_LITERAL_NULL_CONVERSION = YES;
				CLANG_WARN_OBJC_IMPLICIT_RETAIN_SELF = YES;
				CLANG_WARN_OBJC_LITERAL_CONVERSION = YES;
				CLANG_WARN_OBJC_ROOT_CLASS = YES_ERROR;
				CLANG_WARN_QUOTED_INCLUDE_IN_FRAMEWORK_HEADER = YES;
				CLANG_WARN_RANGE_LOOP_ANALYSIS = YES;
				CLANG_WARN_STRICT_PROTOTYPES = YES;
				CLANG_WARN_SUSPICIOUS_MOVE = YES;
				CLANG_WARN_UNGUARDED_AVAILABILITY = YES_AGGRESSIVE;
				CLANG_WARN_UNREACHABLE_CODE = YES;
				CLANG_WARN__DUPLICATE_METHOD_MATCH = YES;
				COPY_PHASE_STRIP = NO;
				DEBUG_INFORMATION_FORMAT = "dwarf-with-dsym";
				DEVELOPMENT_TEAM = BA49DC6B48;
				ENABLE_NS_ASSERTIONS = NO;
				ENABLE_STRICT_OBJC_MSGSEND = YES;
				ENABLE_USER_SCRIPT_SANDBOXING = YES;
				GCC_C_LANGUAGE_STANDARD = gnu17;
				GCC_NO_COMMON_BLOCKS = YES;
				GCC_WARN_64_TO_32_BIT_CONVERSION = YES;
				GCC_WARN_ABOUT_RETURN_TYPE = YES_ERROR;
				GCC_WARN_UNDECLARED_SELECTOR = YES;
				GCC_WARN_UNINITIALIZED_AUTOS = YES_AGGRESSIVE;
				GCC_WARN_UNUSED_FUNCTION = YES;
				GCC_WARN_UNUSED_VARIABLE = YES;
				IPHONEOS_DEPLOYMENT_TARGET = 18.4;
				LOCALIZATION_PREFERS_STRING_CATALOGS = YES;
				MTL_ENABLE_DEBUG_INFO = NO;
				MTL_FAST_MATH = YES;
				SDKROOT = iphoneos;
				SWIFT_COMPILATION_MODE = wholemodule;
				VALIDATE_PRODUCT = YES;
			};
			name = Release;
		};
		C6F927542DBC6C3600B450EF /* Debug */ = {
			isa = XCBuildConfiguration;
			buildSettings = {
				ASSETCATALOG_COMPILER_APPICON_NAME = AppIcon;
				ASSETCATALOG_COMPILER_GLOBAL_ACCENT_COLOR_NAME = AccentColor;
				CODE_SIGN_STYLE = Automatic;
				CURRENT_PROJECT_VERSION = 1;
				DEVELOPMENT_TEAM = BA49DC6B48;
				ENABLE_PREVIEWS = YES;
				GENERATE_INFOPLIST_FILE = YES;
				INFOPLIST_KEY_UIApplicationSceneManifest_Generation = YES;
				INFOPLIST_KEY_UIApplicationSupportsIndirectInputEvents = YES;
				INFOPLIST_KEY_UILaunchScreen_Generation = YES;
				INFOPLIST_KEY_UISupportedInterfaceOrientations_iPad = "UIInterfaceOrientationPortrait UIInterfaceOrientationPortraitUpsideDown UIInterfaceOrientationLandscapeLeft UIInterfaceOrientationLandscapeRight";
				INFOPLIST_KEY_UISupportedInterfaceOrientations_iPhone = "UIInterfaceOrientationPortrait UIInterfaceOrientationLandscapeLeft UIInterfaceOrientationLandscapeRight";
				IPHONEOS_DEPLOYMENT_TARGET = 16.6;
				LD_RUNPATH_SEARCH_PATHS = (
					"$(inherited)",
					"@executable_path/Frameworks",
				);
				MARKETING_VERSION = 1.0;
				PRODUCT_BUNDLE_IDENTIFIER = com.Servin.AhorrApp;
				PRODUCT_NAME = "$(TARGET_NAME)";
				SUPPORTED_PLATFORMS = "iphoneos iphonesimulator";
				SUPPORTS_MACCATALYST = NO;
				SUPPORTS_MAC_DESIGNED_FOR_IPHONE_IPAD = NO;
				SUPPORTS_XR_DESIGNED_FOR_IPHONE_IPAD = NO;
				SWIFT_EMIT_LOC_STRINGS = YES;
				SWIFT_VERSION = 5.0;
				TARGETED_DEVICE_FAMILY = "1,2";
			};
			name = Debug;
		};
		C6F927552DBC6C3600B450EF /* Release */ = {
			isa = XCBuildConfiguration;
			buildSettings = {
				ASSETCATALOG_COMPILER_APPICON_NAME = AppIcon;
				ASSETCATALOG_COMPILER_GLOBAL_ACCENT_COLOR_NAME = AccentColor;
				CODE_SIGN_STYLE = Automatic;
				CURRENT_PROJECT_VERSION = 1;
				DEVELOPMENT_TEAM = BA49DC6B48;
				ENABLE_PREVIEWS = YES;
				GENERATE_INFOPLIST_FILE = YES;
				INFOPLIST_KEY_UIApplicationSceneManifest_Generation = YES;
				INFOPLIST_KEY_UIApplicationSupportsIndirectInputEvents = YES;
				INFOPLIST_KEY_UILaunchScreen_Generation = YES;
				INFOPLIST_KEY_UISupportedInterfaceOrientations_iPad = "UIInterfaceOrientationPortrait UIInterfaceOrientationPortraitUpsideDown UIInterfaceOrientationLandscapeLeft UIInterfaceOrientationLandscapeRight";
				INFOPLIST_KEY_UISupportedInterfaceOrientations_iPhone = "UIInterfaceOrientationPortrait UIInterfaceOrientationLandscapeLeft UIInterfaceOrientationLandscapeRight";
				IPHONEOS_DEPLOYMENT_TARGET = 16.6;
				LD_RUNPATH_SEARCH_PATHS = (
					"$(inherited)",
					"@executable_path/Frameworks",
				);
				MARKETING_VERSION = 1.0;
				PRODUCT_BUNDLE_IDENTIFIER = com.Servin.AhorrApp;
				PRODUCT_NAME = "$(TARGET_NAME)";
				SUPPORTED_PLATFORMS = "iphoneos iphonesimulator";
				SUPPORTS_MACCATALYST = NO;
				SUPPORTS_MAC_DESIGNED_FOR_IPHONE_IPAD = NO;
				SUPPORTS_XR_DESIGNED_FOR_IPHONE_IPAD = NO;
				SWIFT_EMIT_LOC_STRINGS = YES;
				SWIFT_VERSION = 5.0;
				TARGETED_DEVICE_FAMILY = "1,2";
			};
			name = Release;
		};
		C6F927572DBC6C3600B450EF /* Debug */ = {
			isa = XCBuildConfiguration;
			buildSettings = {
				BUNDLE_LOADER = "$(TEST_HOST)";
				CODE_SIGN_STYLE = Automatic;
				CURRENT_PROJECT_VERSION = 1;
				DEVELOPMENT_TEAM = BA49DC6B48;
				GENERATE_INFOPLIST_FILE = YES;
				IPHONEOS_DEPLOYMENT_TARGET = 16.6;
				MARKETING_VERSION = 1.0;
				PRODUCT_BUNDLE_IDENTIFIER = com.Servin.AhorrAppTests;
				PRODUCT_NAME = "$(TARGET_NAME)";
				SWIFT_EMIT_LOC_STRINGS = NO;
				SWIFT_VERSION = 5.0;
				TARGETED_DEVICE_FAMILY = "1,2";
				TEST_HOST = "$(BUILT_PRODUCTS_DIR)/AhorrApp.app/$(BUNDLE_EXECUTABLE_FOLDER_PATH)/AhorrApp";
			};
			name = Debug;
		};
		C6F927582DBC6C3600B450EF /* Release */ = {
			isa = XCBuildConfiguration;
			buildSettings = {
				BUNDLE_LOADER = "$(TEST_HOST)";
				CODE_SIGN_STYLE = Automatic;
				CURRENT_PROJECT_VERSION = 1;
				DEVELOPMENT_TEAM = BA49DC6B48;
				GENERATE_INFOPLIST_FILE = YES;
				IPHONEOS_DEPLOYMENT_TARGET = 16.6;
				MARKETING_VERSION = 1.0;
				PRODUCT_BUNDLE_IDENTIFIER = com.Servin.AhorrAppTests;
				PRODUCT_NAME = "$(TARGET_NAME)";
				SWIFT_EMIT_LOC_STRINGS = NO;
				SWIFT_VERSION = 5.0;
				TARGETED_DEVICE_FAMILY = "1,2";
				TEST_HOST = "$(BUILT_PRODUCTS_DIR)/AhorrApp.app/$(BUNDLE_EXECUTABLE_FOLDER_PATH)/AhorrApp";
			};
			name = Release;
		};
		C6F9275A2DBC6C3600B450EF /* Debug */ = {
			isa = XCBuildConfiguration;
			buildSettings = {
				CODE_SIGN_STYLE = Automatic;
				CURRENT_PROJECT_VERSION = 1;
				DEVELOPMENT_TEAM = BA49DC6B48;
				GENERATE_INFOPLIST_FILE = YES;
				MARKETING_VERSION = 1.0;
				PRODUCT_BUNDLE_IDENTIFIER = com.Servin.AhorrAppUITests;
				PRODUCT_NAME = "$(TARGET_NAME)";
				SWIFT_EMIT_LOC_STRINGS = NO;
				SWIFT_VERSION = 5.0;
				TARGETED_DEVICE_FAMILY = "1,2";
				TEST_TARGET_NAME = AhorrApp;
			};
			name = Debug;
		};
		C6F9275B2DBC6C3600B450EF /* Release */ = {
			isa = XCBuildConfiguration;
			buildSettings = {
				CODE_SIGN_STYLE = Automatic;
				CURRENT_PROJECT_VERSION = 1;
				DEVELOPMENT_TEAM = BA49DC6B48;
				GENERATE_INFOPLIST_FILE = YES;
				MARKETING_VERSION = 1.0;
				PRODUCT_BUNDLE_IDENTIFIER = com.Servin.AhorrAppUITests;
				PRODUCT_NAME = "$(TARGET_NAME)";
				SWIFT_EMIT_LOC_STRINGS = NO;
				SWIFT_VERSION = 5.0;
				TARGETED_DEVICE_FAMILY = "1,2";
				TEST_TARGET_NAME = AhorrApp;
			};
			name = Release;
		};
/* End XCBuildConfiguration section */

/* Begin XCConfigurationList section */
		C6F9272D2DBC6C3400B450EF /* Build configuration list for PBXProject "AhorrApp" */ = {
			isa = XCConfigurationList;
			buildConfigurations = (
				C6F927512DBC6C3600B450EF /* Debug */,
				C6F927522DBC6C3600B450EF /* Release */,
			);
			defaultConfigurationIsVisible = 0;
			defaultConfigurationName = Release;
		};
		C6F927532DBC6C3600B450EF /* Build configuration list for PBXNativeTarget "AhorrApp" */ = {
			isa = XCConfigurationList;
			buildConfigurations = (
				C6F927542DBC6C3600B450EF /* Debug */,
				C6F927552DBC6C3600B450EF /* Release */,
			);
			defaultConfigurationIsVisible = 0;
			defaultConfigurationName = Release;
		};
		C6F927562DBC6C3600B450EF /* Build configuration list for PBXNativeTarget "AhorrAppTests" */ = {
			isa = XCConfigurationList;
			buildConfigurations = (
				C6F927572DBC6C3600B450EF /* Debug */,
				C6F927582DBC6C3600B450EF /* Release */,
			);
			defaultConfigurationIsVisible = 0;
			defaultConfigurationName = Release;
		};
		C6F927592DBC6C3600B450EF /* Build configuration list for PBXNativeTarget "AhorrAppUITests" */ = {
			isa = XCConfigurationList;
			buildConfigurations = (
				C6F9275A2DBC6C3600B450EF /* Debug */,
				C6F9275B2DBC6C3600B450EF /* Release */,
			);
			defaultConfigurationIsVisible = 0;
			defaultConfigurationName = Release;
		};
/* End XCConfigurationList section */

/* Begin XCRemoteSwiftPackageReference section */
		C696E6DF2E0523550010904A /* XCRemoteSwiftPackageReference "Kingfisher" */ = {
			isa = XCRemoteSwiftPackageReference;
			repositoryURL = "https://github.com/onevcat/Kingfisher.git";
			requirement = {
				kind = upToNextMajorVersion;
				minimumVersion = 8.3.2;
			};
		};
		C6E1DA722DBD321B00CE726E /* XCRemoteSwiftPackageReference "SwiftLint" */ = {
			isa = XCRemoteSwiftPackageReference;
			repositoryURL = "https://github.com/realm/SwiftLint";
			requirement = {
				kind = upToNextMajorVersion;
				minimumVersion = 0.59.1;
			};
		};
		C6F9275E2DBC6E0C00B450EF /* XCRemoteSwiftPackageReference "firebase-ios-sdk" */ = {
			isa = XCRemoteSwiftPackageReference;
			repositoryURL = "https://github.com/firebase/firebase-ios-sdk";
			requirement = {
				kind = upToNextMajorVersion;
				minimumVersion = 11.12.0;
			};
		};
/* End XCRemoteSwiftPackageReference section */

/* Begin XCSwiftPackageProductDependency section */
		C696E66D2E048BB20010904A /* FirebaseAnalytics */ = {
			isa = XCSwiftPackageProductDependency;
			package = C6F9275E2DBC6E0C00B450EF /* XCRemoteSwiftPackageReference "firebase-ios-sdk" */;
			productName = FirebaseAnalytics;
		};
		C696E66F2E048BB20010904A /* FirebaseStorage */ = {
			isa = XCSwiftPackageProductDependency;
			package = C6F9275E2DBC6E0C00B450EF /* XCRemoteSwiftPackageReference "firebase-ios-sdk" */;
			productName = FirebaseStorage;
		};
		C696E6712E048BB20010904A /* FirebaseVertexAI */ = {
			isa = XCSwiftPackageProductDependency;
			package = C6F9275E2DBC6E0C00B450EF /* XCRemoteSwiftPackageReference "firebase-ios-sdk" */;
			productName = FirebaseVertexAI;
		};
		C696E6E02E0523550010904A /* Kingfisher */ = {
			isa = XCSwiftPackageProductDependency;
			package = C696E6DF2E0523550010904A /* XCRemoteSwiftPackageReference "Kingfisher" */;
			productName = Kingfisher;
		};
		C6F9275F2DBC6E0C00B450EF /* FirebaseAuth */ = {
			isa = XCSwiftPackageProductDependency;
			package = C6F9275E2DBC6E0C00B450EF /* XCRemoteSwiftPackageReference "firebase-ios-sdk" */;
			productName = FirebaseAuth;
		};
		C6F927612DBC6E0C00B450EF /* FirebaseFirestore */ = {
			isa = XCSwiftPackageProductDependency;
			package = C6F9275E2DBC6E0C00B450EF /* XCRemoteSwiftPackageReference "firebase-ios-sdk" */;
			productName = FirebaseFirestore;
		};
/* End XCSwiftPackageProductDependency section */
	};
	rootObject = C6F9272A2DBC6C3400B450EF /* Project object */;
}
